// !$*UTF8*$!
{
	archiveVersion = 1;
	classes = {
	};
	objectVersion = 77;
	objects = {

/* Begin PBXContainerItemProxy section */
		1E74AC3B2E13E7E500F22742 /* PBXContainerItemProxy */ = {
			isa = PBXContainerItemProxy;
			containerPortal = 1E74AC252E13E7E300F22742 /* Project object */;
			proxyType = 1;
			remoteGlobalIDString = 1E74AC2C2E13E7E300F22742;
			remoteInfo = GSMTower;
		};
		1E74AC452E13E7E500F22742 /* PBXContainerItemProxy */ = {
			isa = PBXContainerItemProxy;
			containerPortal = 1E74AC252E13E7E300F22742 /* Project object */;
			proxyType = 1;
			remoteGlobalIDString = 1E74AC2C2E13E7E300F22742;
			remoteInfo = GSMTower;
		};
/* End PBXContainerItemProxy section */

/* Begin PBXFileReference section */
		1E74AC2D2E13E7E300F22742 /* GSMTower.app */ = {isa = PBXFileReference; explicitFileType = wrapper.application; includeInIndex = 0; path = GSMTower.app; sourceTree = BUILT_PRODUCTS_DIR; };
		1E74AC3A2E13E7E500F22742 /* GSMTowerTests.xctest */ = {isa = PBXFileReference; explicitFileType = wrapper.cfbundle; includeInIndex = 0; path = GSMTowerTests.xctest; sourceTree = BUILT_PRODUCTS_DIR; };
		1E74AC442E13E7E500F22742 /* GSMTowerUITests.xctest */ = {isa = PBXFileReference; explicitFileType = wrapper.cfbundle; includeInIndex = 0; path = GSMTowerUITests.xctest; sourceTree = BUILT_PRODUCTS_DIR; };
/* End PBXFileReference section */

/* Begin PBXFileSystemSynchronizedRootGroup section */
		1E74AC2F2E13E7E300F22742 /* GSMTower */ = {
			isa = PBXFileSystemSynchronizedRootGroup;
			path = GSMTower;
			sourceTree = "<group>";
		};
		1E74AC3D2E13E7E500F22742 /* GSMTowerTests */ = {
			isa = PBXFileSystemSynchronizedRootGroup;
			path = GSMTowerTests;
			sourceTree = "<group>";
		};
		1E74AC472E13E7E500F22742 /* GSMTowerUITests */ = {
			isa = PBXFileSystemSynchronizedRootGroup;
			path = GSMTowerUITests;
			sourceTree = "<group>";
		};
/* End PBXFileSystemSynchronizedRootGroup section */

/* Begin PBXFrameworksBuildPhase section */
		1E74AC2A2E13E7E300F22742 /* Frameworks */ = {
			isa = PBXFrameworksBuildPhase;
			buildActionMask = 2147483647;
			files = (
			);
			runOnlyForDeploymentPostprocessing = 0;
		};
		1E74AC372E13E7E500F22742 /* Frameworks */ = {
			isa = PBXFrameworksBuildPhase;
			buildActionMask = 2147483647;
			files = (
			);
			runOnlyForDeploymentPostprocessing = 0;
		};
		1E74AC412E13E7E500F22742 /* Frameworks */ = {
			isa = PBXFrameworksBuildPhase;
			buildActionMask = 2147483647;
			files = (
			);
			runOnlyForDeploymentPostprocessing = 0;
		};
/* End PBXFrameworksBuildPhase section */

/* Begin PBXGroup section */
		1E74AC242E13E7E300F22742 = {
			isa = PBXGroup;
			children = (
				1E74AC2F2E13E7E300F22742 /* GSMTower */,
				1E74AC3D2E13E7E500F22742 /* GSMTowerTests */,
				1E74AC472E13E7E500F22742 /* GSMTowerUITests */,
				1E74AC2E2E13E7E300F22742 /* Products */,
			);
			sourceTree = "<group>";
		};
		1E74AC2E2E13E7E300F22742 /* Products */ = {
			isa = PBXGroup;
			children = (
				1E74AC2D2E13E7E300F22742 /* GSMTower.app */,
				1E74AC3A2E13E7E500F22742 /* GSMTowerTests.xctest */,
				1E74AC442E13E7E500F22742 /* GSMTowerUITests.xctest */,
			);
			name = Products;
			sourceTree = "<group>";
		};
/* End PBXGroup section */

/* Begin PBXNativeTarget section */
		1E74AC2C2E13E7E300F22742 /* GSMTower */ = {
			isa = PBXNativeTarget;
			buildConfigurationList = 1E74AC4E2E13E7E500F22742 /* Build configuration list for PBXNativeTarget "GSMTower" */;
			buildPhases = (
				1E74AC292E13E7E300F22742 /* Sources */,
				1E74AC2A2E13E7E300F22742 /* Frameworks */,
				1E74AC2B2E13E7E300F22742 /* Resources */,
			);
			buildRules = (
			);
			dependencies = (
			);
			fileSystemSynchronizedGroups = (
				1E74AC2F2E13E7E300F22742 /* GSMTower */,
			);
			name = GSMTower;
			packageProductDependencies = (
			);
			productName = GSMTower;
			productReference = 1E74AC2D2E13E7E300F22742 /* GSMTower.app */;
			productType = "com.apple.product-type.application";
		};
		1E74AC392E13E7E500F22742 /* GSMTowerTests */ = {
			isa = PBXNativeTarget;
			buildConfigurationList = 1E74AC512E13E7E500F22742 /* Build configuration list for PBXNativeTarget "GSMTowerTests" */;
			buildPhases = (
				1E74AC362E13E7E500F22742 /* Sources */,
				1E74AC372E13E7E500F22742 /* Frameworks */,
				1E74AC382E13E7E500F22742 /* Resources */,
			);
			buildRules = (
			);
			dependencies = (
				1E74AC3C2E13E7E500F22742 /* PBXTargetDependency */,
			);
			fileSystemSynchronizedGroups = (
				1E74AC3D2E13E7E500F22742 /* GSMTowerTests */,
			);
			name = GSMTowerTests;
			packageProductDependencies = (
			);
			productName = GSMTowerTests;
			productReference = 1E74AC3A2E13E7E500F22742 /* GSMTowerTests.xctest */;
			productType = "com.apple.product-type.bundle.unit-test";
		};
		1E74AC432E13E7E500F22742 /* GSMTowerUITests */ = {
			isa = PBXNativeTarget;
			buildConfigurationList = 1E74AC542E13E7E500F22742 /* Build configuration list for PBXNativeTarget "GSMTowerUITests" */;
			buildPhases = (
				1E74AC402E13E7E500F22742 /* Sources */,
				1E74AC412E13E7E500F22742 /* Frameworks */,
				1E74AC422E13E7E500F22742 /* Resources */,
			);
			buildRules = (
			);
			dependencies = (
				1E74AC462E13E7E500F22742 /* PBXTargetDependency */,
			);
			fileSystemSynchronizedGroups = (
				1E74AC472E13E7E500F22742 /* GSMTowerUITests */,
			);
			name = GSMTowerUITests;
			packageProductDependencies = (
			);
			productName = GSMTowerUITests;
			productReference = 1E74AC442E13E7E500F22742 /* GSMTowerUITests.xctest */;
			productType = "com.apple.product-type.bundle.ui-testing";
		};
/* End PBXNativeTarget section */

/* Begin PBXProject section */
		1E74AC252E13E7E300F22742 /* Project object */ = {
			isa = PBXProject;
			attributes = {
				BuildIndependentTargetsInParallel = 1;
				LastSwiftUpdateCheck = 1640;
				LastUpgradeCheck = 1640;
				TargetAttributes = {
					1E74AC2C2E13E7E300F22742 = {
						CreatedOnToolsVersion = 16.4;
					};
					1E74AC392E13E7E500F22742 = {
						CreatedOnToolsVersion = 16.4;
						TestTargetID = 1E74AC2C2E13E7E300F22742;
					};
					1E74AC432E13E7E500F22742 = {
						CreatedOnToolsVersion = 16.4;
						TestTargetID = 1E74AC2C2E13E7E300F22742;
					};
				};
			};
			buildConfigurationList = 1E74AC282E13E7E300F22742 /* Build configuration list for PBXProject "GSMTower" */;
			developmentRegion = en;
			hasScannedForEncodings = 0;
			knownRegions = (
				en,
				Base,
			);
			mainGroup = 1E74AC242E13E7E300F22742;
			minimizedProjectReferenceProxies = 1;
			preferredProjectObjectVersion = 77;
			productRefGroup = 1E74AC2E2E13E7E300F22742 /* Products */;
			projectDirPath = "";
			projectRoot = "";
			targets = (
				1E74AC2C2E13E7E300F22742 /* GSMTower */,
				1E74AC392E13E7E500F22742 /* GSMTowerTests */,
				1E74AC432E13E7E500F22742 /* GSMTowerUITests */,
			);
		};
/* End PBXProject section */

/* Begin PBXResourcesBuildPhase section */
		1E74AC2B2E13E7E300F22742 /* Resources */ = {
			isa = PBXResourcesBuildPhase;
			buildActionMask = 2147483647;
			files = (
			);
			runOnlyForDeploymentPostprocessing = 0;
		};
		1E74AC382E13E7E500F22742 /* Resources */ = {
			isa = PBXResourcesBuildPhase;
			buildActionMask = 2147483647;
			files = (
			);
			runOnlyForDeploymentPostprocessing = 0;
		};
		1E74AC422E13E7E500F22742 /* Resources */ = {
			isa = PBXResourcesBuildPhase;
			buildActionMask = 2147483647;
			files = (
			);
			runOnlyForDeploymentPostprocessing = 0;
		};
/* End PBXResourcesBuildPhase section */

/* Begin PBXSourcesBuildPhase section */
		1E74AC292E13E7E300F22742 /* Sources */ = {
			isa = PBXSourcesBuildPhase;
			buildActionMask = 2147483647;
			files = (
			);
			runOnlyForDeploymentPostprocessing = 0;
		};
		1E74AC362E13E7E500F22742 /* Sources */ = {
			isa = PBXSourcesBuildPhase;
			buildActionMask = 2147483647;
			files = (
			);
			runOnlyForDeploymentPostprocessing = 0;
		};
		1E74AC402E13E7E500F22742 /* Sources */ = {
			isa = PBXSourcesBuildPhase;
			buildActionMask = 2147483647;
			files = (
			);
			runOnlyForDeploymentPostprocessing = 0;
		};
/* End PBXSourcesBuildPhase section */

/* Begin PBXTargetDependency section */
		1E74AC3C2E13E7E500F22742 /* PBXTargetDependency */ = {
			isa = PBXTargetDependency;
			target = 1E74AC2C2E13E7E300F22742 /* GSMTower */;
			targetProxy = 1E74AC3B2E13E7E500F22742 /* PBXContainerItemProxy */;
		};
		1E74AC462E13E7E500F22742 /* PBXTargetDependency */ = {
			isa = PBXTargetDependency;
			target = 1E74AC2C2E13E7E300F22742 /* GSMTower */;
			targetProxy = 1E74AC452E13E7E500F22742 /* PBXContainerItemProxy */;
		};
/* End PBXTargetDependency section */

/* Begin XCBuildConfiguration section */
		1E74AC4C2E13E7E500F22742 /* Debug */ = {
			isa = XCBuildConfiguration;
			buildSettings = {
				ALWAYS_SEARCH_USER_PATHS = NO;
				ASSETCATALOG_COMPILER_GENERATE_SWIFT_ASSET_SYMBOL_EXTENSIONS = YES;
				CLANG_ANALYZER_NONNULL = YES;
				CLANG_ANALYZER_NUMBER_OBJECT_CONVERSION = YES_AGGRESSIVE;
				CLANG_CXX_LANGUAGE_STANDARD = "gnu++20";
				CLANG_ENABLE_MODULES = YES;
				CLANG_ENABLE_OBJC_ARC = YES;
				CLANG_ENABLE_OBJC_WEAK = YES;
				CLANG_WARN_BLOCK_CAPTURE_AUTORELEASING = YES;
				CLANG_WARN_BOOL_CONVERSION = YES;
				CLANG_WARN_COMMA = YES;
				CLANG_WARN_CONSTANT_CONVERSION = YES;
				CLANG_WARN_DEPRECATED_OBJC_IMPLEMENTATIONS = YES;
				CLANG_WARN_DIRECT_OBJC_ISA_USAGE = YES_ERROR;
				CLANG_WARN_DOCUMENTATION_COMMENTS = YES;
				CLANG_WARN_EMPTY_BODY = YES;
				CLANG_WARN_ENUM_CONVERSION = YES;
				CLANG_WARN_INFINITE_RECURSION = YES;
				CLANG_WARN_INT_CONVERSION = YES;
				CLANG_WARN_NON_LITERAL_NULL_CONVERSION = YES;
				CLANG_WARN_OBJC_IMPLICIT_RETAIN_SELF = YES;
				CLANG_WARN_OBJC_LITERAL_CONVERSION = YES;
				CLANG_WARN_OBJC_ROOT_CLASS = YES_ERROR;
				CLANG_WARN_QUOTED_INCLUDE_IN_FRAMEWORK_HEADER = YES;
				CLANG_WARN_RANGE_LOOP_ANALYSIS = YES;
				CLANG_WARN_STRICT_PROTOTYPES = YES;
				CLANG_WARN_SUSPICIOUS_MOVE = YES;
				CLANG_WARN_UNGUARDED_AVAILABILITY = YES_AGGRESSIVE;
				CLANG_WARN_UNREACHABLE_CODE = YES;
				CLANG_WARN__DUPLICATE_METHOD_MATCH = YES;
				COPY_PHASE_STRIP = NO;
				DEBUG_INFORMATION_FORMAT = dwarf;
				ENABLE_STRICT_OBJC_MSGSEND = YES;
				ENABLE_TESTABILITY = YES;
				ENABLE_USER_SCRIPT_SANDBOXING = YES;
				GCC_C_LANGUAGE_STANDARD = gnu17;
				GCC_DYNAMIC_NO_PIC = NO;
				GCC_NO_COMMON_BLOCKS = YES;
				GCC_OPTIMIZATION_LEVEL = 0;
				GCC_PREPROCESSOR_DEFINITIONS = (
					"DEBUG=1",
					"$(inherited)",
				);
				GCC_WARN_64_TO_32_BIT_CONVERSION = YES;
				GCC_WARN_ABOUT_RETURN_TYPE = YES_ERROR;
				GCC_WARN_UNDECLARED_SELECTOR = YES;
				GCC_WARN_UNINITIALIZED_AUTOS = YES_AGGRESSIVE;
				GCC_WARN_UNUSED_FUNCTION = YES;
				GCC_WARN_UNUSED_VARIABLE = YES;
				IPHONEOS_DEPLOYMENT_TARGET = 18.5;
				LOCALIZATION_PREFERS_STRING_CATALOGS = YES;
				MTL_ENABLE_DEBUG_INFO = INCLUDE_SOURCE;
				MTL_FAST_MATH = YES;
				ONLY_ACTIVE_ARCH = YES;
				SDKROOT = iphoneos;
				SWIFT_ACTIVE_COMPILATION_CONDITIONS = "DEBUG $(inherited)";
				SWIFT_OPTIMIZATION_LEVEL = "-Onone";
			};
			name = Debug;
		};
		1E74AC4D2E13E7E500F22742 /* Release */ = {
			isa = XCBuildConfiguration;
			buildSettings = {
				ALWAYS_SEARCH_USER_PATHS = NO;
				ASSETCATALOG_COMPILER_GENERATE_SWIFT_ASSET_SYMBOL_EXTENSIONS = YES;
				CLANG_ANALYZER_NONNULL = YES;
				CLANG_ANALYZER_NUMBER_OBJECT_CONVERSION = YES_AGGRESSIVE;
				CLANG_CXX_LANGUAGE_STANDARD = "gnu++20";
				CLANG_ENABLE_MODULES = YES;
				CLANG_ENABLE_OBJC_ARC = YES;
				CLANG_ENABLE_OBJC_WEAK = YES;
				CLANG_WARN_BLOCK_CAPTURE_AUTORELEASING = YES;
				CLANG_WARN_BOOL_CONVERSION = YES;
				CLANG_WARN_COMMA = YES;
				CLANG_WARN_CONSTANT_CONVERSION = YES;
				CLANG_WARN_DEPRECATED_OBJC_IMPLEMENTATIONS = YES;
				CLANG_WARN_DIRECT_OBJC_ISA_USAGE = YES_ERROR;
				CLANG_WARN_DOCUMENTATION_COMMENTS = YES;
				CLANG_WARN_EMPTY_BODY = YES;
				CLANG_WARN_ENUM_CONVERSION = YES;
				CLANG_WARN_INFINITE_RECURSION = YES;
				CLANG_WARN_INT_CONVERSION = YES;
				CLANG_WARN_NON_LITERAL_NULL_CONVERSION = YES;
				CLANG_WARN_OBJC_IMPLICIT_RETAIN_SELF = YES;
				CLANG_WARN_OBJC_LITERAL_CONVERSION = YES;
				CLANG_WARN_OBJC_ROOT_CLASS = YES_ERROR;
				CLANG_WARN_QUOTED_INCLUDE_IN_FRAMEWORK_HEADER = YES;
				CLANG_WARN_RANGE_LOOP_ANALYSIS = YES;
				CLANG_WARN_STRICT_PROTOTYPES = YES;
				CLANG_WARN_SUSPICIOUS_MOVE = YES;
				CLANG_WARN_UNGUARDED_AVAILABILITY = YES_AGGRESSIVE;
				CLANG_WARN_UNREACHABLE_CODE = YES;
				CLANG_WARN__DUPLICATE_METHOD_MATCH = YES;
				COPY_PHASE_STRIP = NO;
				DEBUG_INFORMATION_FORMAT = "dwarf-with-dsym";
				ENABLE_NS_ASSERTIONS = NO;
				ENABLE_STRICT_OBJC_MSGSEND = YES;
				ENABLE_USER_SCRIPT_SANDBOXING = YES;
				GCC_C_LANGUAGE_STANDARD = gnu17;
				GCC_NO_COMMON_BLOCKS = YES;
				GCC_WARN_64_TO_32_BIT_CONVERSION = YES;
				GCC_WARN_ABOUT_RETURN_TYPE = YES_ERROR;
				GCC_WARN_UNDECLARED_SELECTOR = YES;
				GCC_WARN_UNINITIALIZED_AUTOS = YES_AGGRESSIVE;
				GCC_WARN_UNUSED_FUNCTION = YES;
				GCC_WARN_UNUSED_VARIABLE = YES;
				IPHONEOS_DEPLOYMENT_TARGET = 18.5;
				LOCALIZATION_PREFERS_STRING_CATALOGS = YES;
				MTL_ENABLE_DEBUG_INFO = NO;
				MTL_FAST_MATH = YES;
				SDKROOT = iphoneos;
				SWIFT_COMPILATION_MODE = wholemodule;
				VALIDATE_PRODUCT = YES;
			};
			name = Release;
		};
		1E74AC4F2E13E7E500F22742 /* Debug */ = {
			isa = XCBuildConfiguration;
			buildSettings = {
				ASSETCATALOG_COMPILER_APPICON_NAME = AppIcon;
				ASSETCATALOG_COMPILER_GLOBAL_ACCENT_COLOR_NAME = AccentColor;
				CODE_SIGN_STYLE = Automatic;
				CURRENT_PROJECT_VERSION = 1;
				ENABLE_PREVIEWS = YES;
				GENERATE_INFOPLIST_FILE = YES;
				INFOPLIST_KEY_UIApplicationSceneManifest_Generation = YES;
				INFOPLIST_KEY_UIApplicationSupportsIndirectInputEvents = YES;
				INFOPLIST_KEY_UILaunchScreen_Generation = YES;
				INFOPLIST_KEY_UISupportedInterfaceOrientations_iPad = "UIInterfaceOrientationPortrait UIInterfaceOrientationPortraitUpsideDown UIInterfaceOrientationLandscapeLeft UIInterfaceOrientationLandscapeRight";
				INFOPLIST_KEY_UISupportedInterfaceOrientations_iPhone = "UIInterfaceOrientationPortrait UIInterfaceOrientationLandscapeLeft UIInterfaceOrientationLandscapeRight";
				LD_RUNPATH_SEARCH_PATHS = (
					"$(inherited)",
					"@executable_path/Frameworks",
				);
				MARKETING_VERSION = 1.0;
				PRODUCT_BUNDLE_IDENTIFIER = com.jakubszczepaniak.GSMTower;
				PRODUCT_NAME = "$(TARGET_NAME)";
				SWIFT_EMIT_LOC_STRINGS = YES;
				SWIFT_VERSION = 5.0;
				TARGETED_DEVICE_FAMILY = "1,2";
			};
			name = Debug;
		};
		1E74AC502E13E7E500F22742 /* Release */ = {
			isa = XCBuildConfiguration;
			buildSettings = {
				ASSETCATALOG_COMPILER_APPICON_NAME = AppIcon;
				ASSETCATALOG_COMPILER_GLOBAL_ACCENT_COLOR_NAME = AccentColor;
				CODE_SIGN_STYLE = Automatic;
				CURRENT_PROJECT_VERSION = 1;
				ENABLE_PREVIEWS = YES;
				GENERATE_INFOPLIST_FILE = YES;
				INFOPLIST_KEY_UIApplicationSceneManifest_Generation = YES;
				INFOPLIST_KEY_UIApplicationSupportsIndirectInputEvents = YES;
				INFOPLIST_KEY_UILaunchScreen_Generation = YES;
				INFOPLIST_KEY_UISupportedInterfaceOrientations_iPad = "UIInterfaceOrientationPortrait UIInterfaceOrientationPortraitUpsideDown UIInterfaceOrientationLandscapeLeft UIInterfaceOrientationLandscapeRight";
				INFOPLIST_KEY_UISupportedInterfaceOrientations_iPhone = "UIInterfaceOrientationPortrait UIInterfaceOrientationLandscapeLeft UIInterfaceOrientationLandscapeRight";
				LD_RUNPATH_SEARCH_PATHS = (
					"$(inherited)",
					"@executable_path/Frameworks",
				);
				MARKETING_VERSION = 1.0;
				PRODUCT_BUNDLE_IDENTIFIER = com.jakubszczepaniak.GSMTower;
				PRODUCT_NAME = "$(TARGET_NAME)";
				SWIFT_EMIT_LOC_STRINGS = YES;
				SWIFT_VERSION = 5.0;
				TARGETED_DEVICE_FAMILY = "1,2";
			};
			name = Release;
		};
		1E74AC522E13E7E500F22742 /* Debug */ = {
			isa = XCBuildConfiguration;
			buildSettings = {
				BUNDLE_LOADER = "$(TEST_HOST)";
				CODE_SIGN_STYLE = Automatic;
				CURRENT_PROJECT_VERSION = 1;
				GENERATE_INFOPLIST_FILE = YES;
				IPHONEOS_DEPLOYMENT_TARGET = 18.5;
				MARKETING_VERSION = 1.0;
				PRODUCT_BUNDLE_IDENTIFIER = com.jakubszczepaniak.GSMTowerTests;
				PRODUCT_NAME = "$(TARGET_NAME)";
				SWIFT_EMIT_LOC_STRINGS = NO;
				SWIFT_VERSION = 5.0;
				TARGETED_DEVICE_FAMILY = "1,2";
				TEST_HOST = "$(BUILT_PRODUCTS_DIR)/GSMTower.app/$(BUNDLE_EXECUTABLE_FOLDER_PATH)/GSMTower";
			};
			name = Debug;
		};
		1E74AC532E13E7E500F22742 /* Release */ = {
			isa = XCBuildConfiguration;
			buildSettings = {
				BUNDLE_LOADER = "$(TEST_HOST)";
				CODE_SIGN_STYLE = Automatic;
				CURRENT_PROJECT_VERSION = 1;
				GENERATE_INFOPLIST_FILE = YES;
				IPHONEOS_DEPLOYMENT_TARGET = 18.5;
				MARKETING_VERSION = 1.0;
				PRODUCT_BUNDLE_IDENTIFIER = com.jakubszczepaniak.GSMTowerTests;
				PRODUCT_NAME = "$(TARGET_NAME)";
				SWIFT_EMIT_LOC_STRINGS = NO;
				SWIFT_VERSION = 5.0;
				TARGETED_DEVICE_FAMILY = "1,2";
				TEST_HOST = "$(BUILT_PRODUCTS_DIR)/GSMTower.app/$(BUNDLE_EXECUTABLE_FOLDER_PATH)/GSMTower";
			};
			name = Release;
		};
		1E74AC552E13E7E500F22742 /* Debug */ = {
			isa = XCBuildConfiguration;
			buildSettings = {
				CODE_SIGN_STYLE = Automatic;
				CURRENT_PROJECT_VERSION = 1;
				GENERATE_INFOPLIST_FILE = YES;
				MARKETING_VERSION = 1.0;
				PRODUCT_BUNDLE_IDENTIFIER = com.jakubszczepaniak.GSMTowerUITests;
				PRODUCT_NAME = "$(TARGET_NAME)";
				SWIFT_EMIT_LOC_STRINGS = NO;
				SWIFT_VERSION = 5.0;
				TARGETED_DEVICE_FAMILY = "1,2";
				TEST_TARGET_NAME = GSMTower;
			};
			name = Debug;
		};
		1E74AC562E13E7E500F22742 /* Release */ = {
			isa = XCBuildConfiguration;
			buildSettings = {
				CODE_SIGN_STYLE = Automatic;
				CURRENT_PROJECT_VERSION = 1;
				GENERATE_INFOPLIST_FILE = YES;
				MARKETING_VERSION = 1.0;
				PRODUCT_BUNDLE_IDENTIFIER = com.jakubszczepaniak.GSMTowerUITests;
				PRODUCT_NAME = "$(TARGET_NAME)";
				SWIFT_EMIT_LOC_STRINGS = NO;
				SWIFT_VERSION = 5.0;
				TARGETED_DEVICE_FAMILY = "1,2";
				TEST_TARGET_NAME = GSMTower;
			};
			name = Release;
		};
/* End XCBuildConfiguration section */

/* Begin XCConfigurationList section */
		1E74AC282E13E7E300F22742 /* Build configuration list for PBXProject "GSMTower" */ = {
			isa = XCConfigurationList;
			buildConfigurations = (
				1E74AC4C2E13E7E500F22742 /* Debug */,
				1E74AC4D2E13E7E500F22742 /* Release */,
			);
			defaultConfigurationIsVisible = 0;
			defaultConfigurationName = Release;
		};
		1E74AC4E2E13E7E500F22742 /* Build configuration list for PBXNativeTarget "GSMTower" */ = {
			isa = XCConfigurationList;
			buildConfigurations = (
				1E74AC4F2E13E7E500F22742 /* Debug */,
				1E74AC502E13E7E500F22742 /* Release */,
			);
			defaultConfigurationIsVisible = 0;
			defaultConfigurationName = Release;
		};
		1E74AC512E13E7E500F22742 /* Build configuration list for PBXNativeTarget "GSMTowerTests" */ = {
			isa = XCConfigurationList;
			buildConfigurations = (
				1E74AC522E13E7E500F22742 /* Debug */,
				1E74AC532E13E7E500F22742 /* Release */,
			);
			defaultConfigurationIsVisible = 0;
			defaultConfigurationName = Release;
		};
		1E74AC542E13E7E500F22742 /* Build configuration list for PBXNativeTarget "GSMTowerUITests" */ = {
			isa = XCConfigurationList;
			buildConfigurations = (
				1E74AC552E13E7E500F22742 /* Debug */,
				1E74AC562E13E7E500F22742 /* Release */,
			);
			defaultConfigurationIsVisible = 0;
			defaultConfigurationName = Release;
		};
/* End XCConfigurationList section */
	};
	rootObject = 1E74AC252E13E7E300F22742 /* Project object */;
}
